# THIS IS AN AUTOGENERATED FILE. DO NOT EDIT THIS FILE DIRECTLY.
# yarn lockfile v1


v8-compile-cache@^2.4.0:
  version "2.4.0"
  resolved "https://registry.yarnpkg.com/v8-compile-cache/-/v8-compile-cache-2.4.0.tgz#cdada8bec61e15865f05d097c5f4fd30e94dc128"
  integrity sha512-ocyWc3bAHBB/guyqJQVI5o4BZkPhznPYUG2ea80Gond/BgNWpap8TOmLSeeQG7bnh2KMISxskdADG59j7zruhw==
